<?xml version="1.0" encoding="utf-8"?>
<Project ToolsVersion="4.0" xmlns="http://schemas.microsoft.com/developer/msbuild/2003">
  <ItemGroup>
    <Filter Include="Source Files">
      <UniqueIdentifier>{4FC737F1-C7A5-4376-A066-2A32D752A2FF}</UniqueIdentifier>
      <Extensions>cpp;c;cc;cxx;c++;cppm;ixx;def;odl;idl;hpj;bat;asm;asmx</Extensions>
    </Filter>
    <Filter Include="Header Files">
      <UniqueIdentifier>{93995380-89BD-4b04-88EB-625FBE52EBFB}</UniqueIdentifier>
      <Extensions>h;hh;hpp;hxx;h++;hm;inl;inc;ipp;xsd</Extensions>
    </Filter>
    <Filter Include="Resource Files">
      <UniqueIdentifier>{67DA6AB6-F800-4c08-8B7A-83BB121AAD01}</UniqueIdentifier>
      <Extensions>rc;ico;cur;bmp;dlg;rc2;rct;bin;rgs;gif;jpg;jpeg;jpe;resx;tiff;tif;png;wav;mfcribbon-ms</Extensions>
    </Filter>
    <Filter Include="Source Files\internal">
      <UniqueIdentifier>{de75809c-fb55-45a0-ba30-aebef30acc50}</UniqueIdentifier>
    </Filter>
    <Filter Include="Header Files\internal">
      <UniqueIdentifier>{679a042c-d349-4f99-bbb2-16f25ad4b3e9}</UniqueIdentifier>
    </Filter>
  </ItemGroup>
  <ItemGroup>
    <ClInclude Include="lscript.h">
      <Filter>Header Files</Filter>
    </ClInclude>
    <ClInclude Include="internal\heap.h">
      <Filter>Header Files\internal</Filter>
    </ClInclude>
    <ClInclude Include="internal\lb.h">
      <Filter>Header Files\internal</Filter>
    </ClInclude>
    <ClInclude Include="internal\lstdio.h">
      <Filter>Header Files\internal</Filter>
    </ClInclude>
    <ClInclude Include="internal\lsystem.h">
      <Filter>Header Files\internal</Filter>
    </ClInclude>
    <ClInclude Include="internal\mem.h">
      <Filter>Header Files\internal</Filter>
    </ClInclude>
    <ClInclude Include="internal\mem_debug.h">
      <Filter>Header Files\internal</Filter>
    </ClInclude>
    <ClInclude Include="internal\object.h">
      <Filter>Header Files\internal</Filter>
    </ClInclude>
    <ClInclude Include="internal\types.h">
      <Filter>Header Files\internal</Filter>
    </ClInclude>
    <ClInclude Include="internal\value.h">
      <Filter>Header Files\internal</Filter>
    </ClInclude>
    <ClInclude Include="internal\vm.h">
      <Filter>Header Files\internal</Filter>
    </ClInclude>
    <ClInclude Include="internal\vm_compare.h">
      <Filter>Header Files\internal</Filter>
    </ClInclude>
    <ClInclude Include="internal\vm_math.h">
      <Filter>Header Files\internal</Filter>
    </ClInclude>
    <ClInclude Include="internal\array.h">
      <Filter>Header Files\internal</Filter>
    </ClInclude>
    <ClInclude Include="internal\cast.h">
      <Filter>Header Files\internal</Filter>
    </ClInclude>
    <ClInclude Include="internal\class.h">
      <Filter>Header Files\internal</Filter>
    </ClInclude>
    <ClInclude Include="internal\collection.h">
      <Filter>Header Files\internal</Filter>
    </ClInclude>
    <ClInclude Include="internal\datau.h">
      <Filter>Header Files\internal</Filter>
    </ClInclude>
    <ClInclude Include="internal\string_util.h">
      <Filter>Header Files\internal</Filter>
    </ClInclude>
    <ClInclude Include="internal\debug.h">
      <Filter>Header Files\internal</Filter>
    </ClInclude>
    <ClInclude Include="internal\lmath.h">
      <Filter>Header Files\internal</Filter>
    </ClInclude>
  </ItemGroup>
  <ItemGroup>
    <ClCompile Include="internal\object.c">
      <Filter>Source Files\internal</Filter>
    </ClCompile>
    <ClCompile Include="internal\vm.c">
      <Filter>Source Files\internal</Filter>
    </ClCompile>
    <ClCompile Include="internal\vm_compare.c">
      <Filter>Source Files\internal</Filter>
    </ClCompile>
    <ClCompile Include="internal\vm_math.c">
      <Filter>Source Files\internal</Filter>
    </ClCompile>
    <ClCompile Include="internal\cast.c">
      <Filter>Source Files\internal</Filter>
    </ClCompile>
    <ClCompile Include="internal\class.c">
      <Filter>Source Files\internal</Filter>
    </ClCompile>
    <ClCompile Include="internal\collection.c">
      <Filter>Source Files\internal</Filter>
    </ClCompile>
    <ClCompile Include="internal\heap.c">
      <Filter>Source Files\internal</Filter>
    </ClCompile>
    <ClCompile Include="internal\lstdio.c">
      <Filter>Source Files\internal</Filter>
    </ClCompile>
    <ClCompile Include="internal\lsystem.c">
      <Filter>Source Files\internal</Filter>
    </ClCompile>
    <ClCompile Include="internal\mem.c">
      <Filter>Source Files\internal</Filter>
    </ClCompile>
    <ClCompile Include="internal\mem_debug.c">
      <Filter>Source Files\internal</Filter>
    </ClCompile>
    <ClCompile Include="internal\lscript.c">
      <Filter>Source Files\internal</Filter>
    </ClCompile>
    <ClCompile Include="internal\string_util.c">
      <Filter>Source Files\internal</Filter>
    </ClCompile>
    <ClCompile Include="internal\debug.c">
      <Filter>Source Files\internal</Filter>
    </ClCompile>
    <ClCompile Include="internal\lmath.c">
      <Filter>Source Files\internal</Filter>
    </ClCompile>
  </ItemGroup>
  <ItemGroup>
    <MASM Include="internal\hooks.asm">
      <Filter>Source Files\internal</Filter>
    </MASM>
  </ItemGroup>
</Project>